
Microsoft Visual Studio Solution File, Format Version 12.00
# Visual Studio Version 17
VisualStudioVersion = 17.4.33103.184
MinimumVisualStudioVersion = 10.0.40219.1
Project("{FAE04EC0-301F-11D3-BF4B-00C04F79EFBC}") = "KingsEventMAUI", "KingsEventMAUI\KingsEventMAUI.csproj", "{2D3E78EC-B5E1-4726-AA28-5A424B7547AD}"
EndProject
Global
	GlobalSection(SolutionConfigurationPlatforms) = preSolution
		Debug|Any CPU = Debug|Any CPU
		Release|Any CPU = Release|Any CPU
	EndGlobalSection
	GlobalSection(ProjectConfigurationPlatforms) = postSolution
		{2D3E78EC-B5E1-4726-AA28-5A424B7547AD}.Debug|Any CPU.ActiveCfg = Debug|Any CPU
		{2D3E78EC-B5E1-4726-AA28-5A424B7547AD}.Debug|Any CPU.Build.0 = Debug|Any CPU
		{2D3E78EC-B5E1-4726-AA28-5A424B7547AD}.Debug|Any CPU.Deploy.0 = Debug|Any CPU
		{2D3E78EC-B5E1-4726-AA28-5A424B7547AD}.Release|Any CPU.ActiveCfg = Release|Any CPU
		{2D3E78EC-B5E1-4726-AA28-5A424B7547AD}.Release|Any CPU.Build.0 = Release|Any CPU
		{2D3E78EC-B5E1-4726-AA28-5A424B7547AD}.Release|Any CPU.Deploy.0 = Release|Any CPU
	EndGlobalSection
	GlobalSection(SolutionProperties) = preSolution
		HideSolutionNode = FALSE
	EndGlobalSection
	GlobalSection(ExtensibilityGlobals) = postSolution
		SolutionGuid = {42C100C6-549B-4BCE-8161-17F66EBF48E9}
	EndGlobalSection
EndGlobal
